// !$*UTF8*$!
{
	archiveVersion = 1;
	classes = {
	};
	objectVersion = 50;
	objects = {

/* Begin PBXBuildFile section */
		6529D745209962A60019DC03 /* MBProgressHUD+Helper.m in Sources */ = {isa = PBXBuildFile; fileRef = 6529D744209962A60019DC03 /* MBProgressHUD+Helper.m */; };
		6529D75B209C29CA0019DC03 /* CoreTelephony.framework in Frameworks */ = {isa = PBXBuildFile; fileRef = 6529D75A209C29CA0019DC03 /* CoreTelephony.framework */; };
		6544C40821C5752600ED0436 /* XYNetworking.m in Sources */ = {isa = PBXBuildFile; fileRef = 6544C40721C5752600ED0436 /* XYNetworking.m */; };
		6544C40B21C5753700ED0436 /* XYHttpRequest.m in Sources */ = {isa = PBXBuildFile; fileRef = 6544C40A21C5753700ED0436 /* XYHttpRequest.m */; };
		6544C40E21C5764300ED0436 /* XYNetworkingHandle.m in Sources */ = {isa = PBXBuildFile; fileRef = 6544C40D21C5764300ED0436 /* XYNetworkingHandle.m */; };
		6544C41221C5779F00ED0436 /* Reachability.m in Sources */ = {isa = PBXBuildFile; fileRef = 6544C41021C5779F00ED0436 /* Reachability.m */; };
		6544C41A21C5798200ED0436 /* GTMBase64.m in Sources */ = {isa = PBXBuildFile; fileRef = 6544C41921C5798200ED0436 /* GTMBase64.m */; };
		6544C41D21C579AF00ED0436 /* DesEncryption.m in Sources */ = {isa = PBXBuildFile; fileRef = 6544C41C21C579AF00ED0436 /* DesEncryption.m */; };
		6544C42021C57A3A00ED0436 /* NSString+MD5.m in Sources */ = {isa = PBXBuildFile; fileRef = 6544C41F21C57A3A00ED0436 /* NSString+MD5.m */; };
		6544C42421C57A7800ED0436 /* UIImage+Helper.m in Sources */ = {isa = PBXBuildFile; fileRef = 6544C42221C57A7700ED0436 /* UIImage+Helper.m */; };
		6544C42821C57BA200ED0436 /* NSDictionary+DeUTF.m in Sources */ = {isa = PBXBuildFile; fileRef = 6544C42621C57BA200ED0436 /* NSDictionary+DeUTF.m */; };
		6544C42C21C57BC200ED0436 /* UIDevice+Helper.m in Sources */ = {isa = PBXBuildFile; fileRef = 6544C42B21C57BC200ED0436 /* UIDevice+Helper.m */; };
		6544C43021C57CF400ED0436 /* UIScrollView+Helper.m in Sources */ = {isa = PBXBuildFile; fileRef = 6544C42E21C57CF400ED0436 /* UIScrollView+Helper.m */; };
		6544C44321C58ED200ED0436 /* XYTextField.m in Sources */ = {isa = PBXBuildFile; fileRef = 6544C43F21C58ED100ED0436 /* XYTextField.m */; };
		6544C44421C58ED200ED0436 /* XYJudge.m in Sources */ = {isa = PBXBuildFile; fileRef = 6544C44221C58ED200ED0436 /* XYJudge.m */; };
		6544C44721C58F7500ED0436 /* XYBannerView.m in Sources */ = {isa = PBXBuildFile; fileRef = 6544C44621C58F7500ED0436 /* XYBannerView.m */; };
		6544C44D21C59F2200ED0436 /* XYPhotoPickerAsset.m in Sources */ = {isa = PBXBuildFile; fileRef = 6544C44C21C59F2200ED0436 /* XYPhotoPickerAsset.m */; };
		655F62812174824400A51D91 /* lock@2x.png in Resources */ = {isa = PBXBuildFile; fileRef = 655F62762174824400A51D91 /* lock@2x.png */; };
		655F62822174824400A51D91 /* broswerPic4.jpg in Resources */ = {isa = PBXBuildFile; fileRef = 655F62772174824400A51D91 /* broswerPic4.jpg */; };
		655F62832174824400A51D91 /* broswerPic3.jpg in Resources */ = {isa = PBXBuildFile; fileRef = 655F62782174824400A51D91 /* broswerPic3.jpg */; };
		655F62842174824400A51D91 /* broswerPic2.jpg in Resources */ = {isa = PBXBuildFile; fileRef = 655F62792174824400A51D91 /* broswerPic2.jpg */; };
		655F62852174824400A51D91 /* broswerPic0.jpg in Resources */ = {isa = PBXBuildFile; fileRef = 655F627A2174824400A51D91 /* broswerPic0.jpg */; };
		655F62862174824400A51D91 /* broswerPic1.jpg in Resources */ = {isa = PBXBuildFile; fileRef = 655F627B2174824400A51D91 /* broswerPic1.jpg */; };
		655F62872174824400A51D91 /* checkbox_pic@3x.png in Resources */ = {isa = PBXBuildFile; fileRef = 655F627C2174824400A51D91 /* checkbox_pic@3x.png */; };
		655F62882174824400A51D91 /* checkbox_pic@2x.png in Resources */ = {isa = PBXBuildFile; fileRef = 655F627D2174824400A51D91 /* checkbox_pic@2x.png */; };
		655F62892174824400A51D91 /* checkbox_pic_non@3x.png in Resources */ = {isa = PBXBuildFile; fileRef = 655F627E2174824400A51D91 /* checkbox_pic_non@3x.png */; };
		655F628A2174824400A51D91 /* icon_pic_break@2x.png in Resources */ = {isa = PBXBuildFile; fileRef = 655F627F2174824400A51D91 /* icon_pic_break@2x.png */; };
		655F628B2174824400A51D91 /* checkbox_pic_non@2x.png in Resources */ = {isa = PBXBuildFile; fileRef = 655F62802174824400A51D91 /* checkbox_pic_non@2x.png */; };
		655F628D217489DC00A51D91 /* broswerPic5.jpg in Resources */ = {isa = PBXBuildFile; fileRef = 655F628C217489DC00A51D91 /* broswerPic5.jpg */; };
		655FA5C321653CCC009625B0 /* UIButton+Helper.m in Sources */ = {isa = PBXBuildFile; fileRef = 655FA5C221653CCC009625B0 /* UIButton+Helper.m */; };
		655FA5C7216544FA009625B0 /* UILabel+Helper.m in Sources */ = {isa = PBXBuildFile; fileRef = 655FA5C6216544FA009625B0 /* UILabel+Helper.m */; };
		655FA604216B3BD4009625B0 /* UIAlertViewToolModel.m in Sources */ = {isa = PBXBuildFile; fileRef = 655FA603216B3BD4009625B0 /* UIAlertViewToolModel.m */; };
		655FA607216B4CEB009625B0 /* UIAlertViewTool.m in Sources */ = {isa = PBXBuildFile; fileRef = 655FA606216B4CEB009625B0 /* UIAlertViewTool.m */; };
		656FB3A42091700600C07A3F /* AppDelegate.m in Sources */ = {isa = PBXBuildFile; fileRef = 656FB3A32091700600C07A3F /* AppDelegate.m */; };
		656FB3A72091700600C07A3F /* ViewController.m in Sources */ = {isa = PBXBuildFile; fileRef = 656FB3A62091700600C07A3F /* ViewController.m */; };
		656FB3AA2091700600C07A3F /* Main.storyboard in Resources */ = {isa = PBXBuildFile; fileRef = 656FB3A82091700600C07A3F /* Main.storyboard */; };
		656FB3AC2091700700C07A3F /* Assets.xcassets in Resources */ = {isa = PBXBuildFile; fileRef = 656FB3AB2091700700C07A3F /* Assets.xcassets */; };
		656FB3AF2091700700C07A3F /* LaunchScreen.storyboard in Resources */ = {isa = PBXBuildFile; fileRef = 656FB3AD2091700700C07A3F /* LaunchScreen.storyboard */; };
		656FB3B22091700700C07A3F /* main.m in Sources */ = {isa = PBXBuildFile; fileRef = 656FB3B12091700700C07A3F /* main.m */; };
		656FB3C020919FF500C07A3F /* NSString+Helper.m in Sources */ = {isa = PBXBuildFile; fileRef = 656FB3BF20919FF500C07A3F /* NSString+Helper.m */; };
		656FB3C42091AB6E00C07A3F /* UIView+Helper.m in Sources */ = {isa = PBXBuildFile; fileRef = 656FB3C32091AB6E00C07A3F /* UIView+Helper.m */; };
		656FB3C92091AEF700C07A3F /* NSDate+Helper.m in Sources */ = {isa = PBXBuildFile; fileRef = 656FB3C82091AEF700C07A3F /* NSDate+Helper.m */; };
		65D0CA8D21536FF800A3DB66 /* UIColor+Helper.m in Sources */ = {isa = PBXBuildFile; fileRef = 65D0CA8C21536FF700A3DB66 /* UIColor+Helper.m */; };
		65F7ECFE218A00C5008ABDDD /* assets_finish@3x.png in Resources */ = {isa = PBXBuildFile; fileRef = 65F7ECC7218A00C4008ABDDD /* assets_finish@3x.png */; };
		65F7ECFF218A00C5008ABDDD /* assets_back@3x.png in Resources */ = {isa = PBXBuildFile; fileRef = 65F7ECC8218A00C4008ABDDD /* assets_back@3x.png */; };
		65F7ED00218A00C5008ABDDD /* assets_preview@2x.png in Resources */ = {isa = PBXBuildFile; fileRef = 65F7ECC9218A00C4008ABDDD /* assets_preview@2x.png */; };
		65F7ED01218A00C5008ABDDD /* assets_selected.png in Resources */ = {isa = PBXBuildFile; fileRef = 65F7ECCA218A00C4008ABDDD /* assets_selected.png */; };
		65F7ED02218A00C5008ABDDD /* assets_preview@3x.png in Resources */ = {isa = PBXBuildFile; fileRef = 65F7ECCB218A00C4008ABDDD /* assets_preview@3x.png */; };
		65F7ED03218A00C5008ABDDD /* assets_preview.png in Resources */ = {isa = PBXBuildFile; fileRef = 65F7ECCC218A00C4008ABDDD /* assets_preview.png */; };
		65F7ED04218A00C5008ABDDD /* assets_back@2x.png in Resources */ = {isa = PBXBuildFile; fileRef = 65F7ECCD218A00C4008ABDDD /* assets_back@2x.png */; };
		65F7ED05218A00C5008ABDDD /* assets_finish@2x.png in Resources */ = {isa = PBXBuildFile; fileRef = 65F7ECCE218A00C4008ABDDD /* assets_finish@2x.png */; };
		65F7ED06218A00C5008ABDDD /* blank.png in Resources */ = {isa = PBXBuildFile; fileRef = 65F7ECCF218A00C4008ABDDD /* blank.png */; };
		65F7ED07218A00C5008ABDDD /* assets_selected@3x.png in Resources */ = {isa = PBXBuildFile; fileRef = 65F7ECD0218A00C4008ABDDD /* assets_selected@3x.png */; };
		65F7ED08218A00C5008ABDDD /* assets_back.png in Resources */ = {isa = PBXBuildFile; fileRef = 65F7ECD1218A00C4008ABDDD /* assets_back.png */; };
		65F7ED09218A00C5008ABDDD /* assets_selected@2x.png in Resources */ = {isa = PBXBuildFile; fileRef = 65F7ECD2218A00C4008ABDDD /* assets_selected@2x.png */; };
		65F7ED0A218A00C5008ABDDD /* assets_finish.png in Resources */ = {isa = PBXBuildFile; fileRef = 65F7ECD3218A00C4008ABDDD /* assets_finish.png */; };
		65F7ED0B218A00C5008ABDDD /* blank@2x.png in Resources */ = {isa = PBXBuildFile; fileRef = 65F7ECD4218A00C4008ABDDD /* blank@2x.png */; };
		65F7ED0C218A00C5008ABDDD /* assets_normal.png in Resources */ = {isa = PBXBuildFile; fileRef = 65F7ECD5218A00C4008ABDDD /* assets_normal.png */; };
		65F7ED0D218A00C5008ABDDD /* blank@3x.png in Resources */ = {isa = PBXBuildFile; fileRef = 65F7ECD6218A00C4008ABDDD /* blank@3x.png */; };
		65F7ED0E218A00C5008ABDDD /* assets_normal@2x.png in Resources */ = {isa = PBXBuildFile; fileRef = 65F7ECD7218A00C4008ABDDD /* assets_normal@2x.png */; };
		65F7ED0F218A00C5008ABDDD /* assets_normal@3x.png in Resources */ = {isa = PBXBuildFile; fileRef = 65F7ECD8218A00C4008ABDDD /* assets_normal@3x.png */; };
		65F7ED10218A00C5008ABDDD /* XYPhotoPickerPreviewViewController.m in Sources */ = {isa = PBXBuildFile; fileRef = 65F7ECDF218A00C4008ABDDD /* XYPhotoPickerPreviewViewController.m */; };
		65F7ED11218A00C5008ABDDD /* XYPhotoPickerAssetsViewController.m in Sources */ = {isa = PBXBuildFile; fileRef = 65F7ECE0218A00C4008ABDDD /* XYPhotoPickerAssetsViewController.m */; };
		65F7ED13218A00C5008ABDDD /* XYPhotoPickerGroupViewController.m in Sources */ = {isa = PBXBuildFile; fileRef = 65F7ECE2218A00C4008ABDDD /* XYPhotoPickerGroupViewController.m */; };
		65F7ED14218A00C5008ABDDD /* XYPhotoPickerGroup.m in Sources */ = {isa = PBXBuildFile; fileRef = 65F7ECE5218A00C4008ABDDD /* XYPhotoPickerGroup.m */; };
		65F7ED16218A00C5008ABDDD /* XYPhotoPickerAssetsCollectionViewCell.m in Sources */ = {isa = PBXBuildFile; fileRef = 65F7ECEB218A00C4008ABDDD /* XYPhotoPickerAssetsCollectionViewCell.m */; };
		65F7ED17218A00C5008ABDDD /* XYPhotoPickerGroupTableViewCell.m in Sources */ = {isa = PBXBuildFile; fileRef = 65F7ECEC218A00C4008ABDDD /* XYPhotoPickerGroupTableViewCell.m */; };
		65F7ED19218A00C5008ABDDD /* XYPhotoBrowserViewController.m in Sources */ = {isa = PBXBuildFile; fileRef = 65F7ECF3218A00C4008ABDDD /* XYPhotoBrowserViewController.m */; };
		65F7ED1A218A00C5008ABDDD /* XYPhotoBrowserScrollView.m in Sources */ = {isa = PBXBuildFile; fileRef = 65F7ECF6218A00C5008ABDDD /* XYPhotoBrowserScrollView.m */; };
		65F7ED1B218A00C5008ABDDD /* XYPhotoBrowserView.m in Sources */ = {isa = PBXBuildFile; fileRef = 65F7ECF7218A00C5008ABDDD /* XYPhotoBrowserView.m */; };
		65F7ED1C218A00C5008ABDDD /* XYPhotoBrowserCollectionViewCell.m in Sources */ = {isa = PBXBuildFile; fileRef = 65F7ECF9218A00C5008ABDDD /* XYPhotoBrowserCollectionViewCell.m */; };
		65F7ED1D218A00C5008ABDDD /* XYPhotoBrowserImageView.m in Sources */ = {isa = PBXBuildFile; fileRef = 65F7ECFA218A00C5008ABDDD /* XYPhotoBrowserImageView.m */; };
		65F7ED20218A0169008ABDDD /* XYPhotoPickerDatas.m in Sources */ = {isa = PBXBuildFile; fileRef = 65F7ED1F218A0169008ABDDD /* XYPhotoPickerDatas.m */; };
		65F7ED23218A090C008ABDDD /* XYPhotoPickerViewController.m in Sources */ = {isa = PBXBuildFile; fileRef = 65F7ED21218A090B008ABDDD /* XYPhotoPickerViewController.m */; };
		65F7ED26218A0953008ABDDD /* RootViewController.m in Sources */ = {isa = PBXBuildFile; fileRef = 65F7ED25218A0953008ABDDD /* RootViewController.m */; };
		65F7ED95218A16CF008ABDDD /* XYPhotoTransitionView.m in Sources */ = {isa = PBXBuildFile; fileRef = 65F7ED94218A16CF008ABDDD /* XYPhotoTransitionView.m */; };
		A8E8B5FD2E603588CC0F0F97 /* libPods-XYBKDemo.a in Frameworks */ = {isa = PBXBuildFile; fileRef = 7242FDC246F66F43B8C4EDC5 /* libPods-XYBKDemo.a */; };
/* End PBXBuildFile section */

/* Begin PBXFileReference section */
		6529D743209962A60019DC03 /* MBProgressHUD+Helper.h */ = {isa = PBXFileReference; lastKnownFileType = sourcecode.c.h; path = "MBProgressHUD+Helper.h"; sourceTree = "<group>"; };
		6529D744209962A60019DC03 /* MBProgressHUD+Helper.m */ = {isa = PBXFileReference; lastKnownFileType = sourcecode.c.objc; path = "MBProgressHUD+Helper.m"; sourceTree = "<group>"; };
		6529D75A209C29CA0019DC03 /* CoreTelephony.framework */ = {isa = PBXFileReference; lastKnownFileType = wrapper.framework; name = CoreTelephony.framework; path = System/Library/Frameworks/CoreTelephony.framework; sourceTree = SDKROOT; };
		6544C40321C574C900ED0436 /* RequestMacros.h */ = {isa = PBXFileReference; lastKnownFileType = sourcecode.c.h; path = RequestMacros.h; sourceTree = "<group>"; };
		6544C40421C574DB00ED0436 /* NotificationMacros.h */ = {isa = PBXFileReference; lastKnownFileType = sourcecode.c.h; path = NotificationMacros.h; sourceTree = "<group>"; };
		6544C40621C5752600ED0436 /* XYNetworking.h */ = {isa = PBXFileReference; lastKnownFileType = sourcecode.c.h; path = XYNetworking.h; sourceTree = "<group>"; };
		6544C40721C5752600ED0436 /* XYNetworking.m */ = {isa = PBXFileReference; lastKnownFileType = sourcecode.c.objc; path = XYNetworking.m; sourceTree = "<group>"; };
		6544C40921C5753700ED0436 /* XYHttpRequest.h */ = {isa = PBXFileReference; lastKnownFileType = sourcecode.c.h; path = XYHttpRequest.h; sourceTree = "<group>"; };
		6544C40A21C5753700ED0436 /* XYHttpRequest.m */ = {isa = PBXFileReference; lastKnownFileType = sourcecode.c.objc; path = XYHttpRequest.m; sourceTree = "<group>"; };
		6544C40C21C5764300ED0436 /* XYNetworkingHandle.h */ = {isa = PBXFileReference; lastKnownFileType = sourcecode.c.h; path = XYNetworkingHandle.h; sourceTree = "<group>"; };
		6544C40D21C5764300ED0436 /* XYNetworkingHandle.m */ = {isa = PBXFileReference; lastKnownFileType = sourcecode.c.objc; path = XYNetworkingHandle.m; sourceTree = "<group>"; };
		6544C41021C5779F00ED0436 /* Reachability.m */ = {isa = PBXFileReference; fileEncoding = 4; lastKnownFileType = sourcecode.c.objc; path = Reachability.m; sourceTree = "<group>"; };
		6544C41121C5779F00ED0436 /* Reachability.h */ = {isa = PBXFileReference; fileEncoding = 4; lastKnownFileType = sourcecode.c.h; path = Reachability.h; sourceTree = "<group>"; };
		6544C41721C5798200ED0436 /* GTMBase64.h */ = {isa = PBXFileReference; fileEncoding = 4; lastKnownFileType = sourcecode.c.h; path = GTMBase64.h; sourceTree = "<group>"; };
		6544C41821C5798200ED0436 /* GTMDefines.h */ = {isa = PBXFileReference; fileEncoding = 4; lastKnownFileType = sourcecode.c.h; path = GTMDefines.h; sourceTree = "<group>"; };
		6544C41921C5798200ED0436 /* GTMBase64.m */ = {isa = PBXFileReference; fileEncoding = 4; lastKnownFileType = sourcecode.c.objc; path = GTMBase64.m; sourceTree = "<group>"; };
		6544C41B21C579AF00ED0436 /* DesEncryption.h */ = {isa = PBXFileReference; fileEncoding = 4; lastKnownFileType = sourcecode.c.h; path = DesEncryption.h; sourceTree = "<group>"; };
		6544C41C21C579AF00ED0436 /* DesEncryption.m */ = {isa = PBXFileReference; fileEncoding = 4; lastKnownFileType = sourcecode.c.objc; path = DesEncryption.m; sourceTree = "<group>"; };
		6544C41E21C57A3A00ED0436 /* NSString+MD5.h */ = {isa = PBXFileReference; fileEncoding = 4; lastKnownFileType = sourcecode.c.h; path = "NSString+MD5.h"; sourceTree = "<group>"; };
		6544C41F21C57A3A00ED0436 /* NSString+MD5.m */ = {isa = PBXFileReference; fileEncoding = 4; lastKnownFileType = sourcecode.c.objc; path = "NSString+MD5.m"; sourceTree = "<group>"; };
		6544C42221C57A7700ED0436 /* UIImage+Helper.m */ = {isa = PBXFileReference; fileEncoding = 4; lastKnownFileType = sourcecode.c.objc; path = "UIImage+Helper.m"; sourceTree = "<group>"; };
		6544C42321C57A7700ED0436 /* UIImage+Helper.h */ = {isa = PBXFileReference; fileEncoding = 4; lastKnownFileType = sourcecode.c.h; path = "UIImage+Helper.h"; sourceTree = "<group>"; };
		6544C42621C57BA200ED0436 /* NSDictionary+DeUTF.m */ = {isa = PBXFileReference; fileEncoding = 4; lastKnownFileType = sourcecode.c.objc; path = "NSDictionary+DeUTF.m"; sourceTree = "<group>"; };
		6544C42721C57BA200ED0436 /* NSDictionary+DeUTF.h */ = {isa = PBXFileReference; fileEncoding = 4; lastKnownFileType = sourcecode.c.h; path = "NSDictionary+DeUTF.h"; sourceTree = "<group>"; };
		6544C42A21C57BC200ED0436 /* UIDevice+Helper.h */ = {isa = PBXFileReference; fileEncoding = 4; lastKnownFileType = sourcecode.c.h; path = "UIDevice+Helper.h"; sourceTree = "<group>"; };
		6544C42B21C57BC200ED0436 /* UIDevice+Helper.m */ = {isa = PBXFileReference; fileEncoding = 4; lastKnownFileType = sourcecode.c.objc; path = "UIDevice+Helper.m"; sourceTree = "<group>"; };
		6544C42E21C57CF400ED0436 /* UIScrollView+Helper.m */ = {isa = PBXFileReference; fileEncoding = 4; lastKnownFileType = sourcecode.c.objc; path = "UIScrollView+Helper.m"; sourceTree = "<group>"; };
		6544C42F21C57CF400ED0436 /* UIScrollView+Helper.h */ = {isa = PBXFileReference; fileEncoding = 4; lastKnownFileType = sourcecode.c.h; path = "UIScrollView+Helper.h"; sourceTree = "<group>"; };
		6544C43E21C58ED100ED0436 /* XYTextField.h */ = {isa = PBXFileReference; fileEncoding = 4; lastKnownFileType = sourcecode.c.h; path = XYTextField.h; sourceTree = "<group>"; };
		6544C43F21C58ED100ED0436 /* XYTextField.m */ = {isa = PBXFileReference; fileEncoding = 4; lastKnownFileType = sourcecode.c.objc; path = XYTextField.m; sourceTree = "<group>"; };
		6544C44121C58ED200ED0436 /* XYJudge.h */ = {isa = PBXFileReference; fileEncoding = 4; lastKnownFileType = sourcecode.c.h; path = XYJudge.h; sourceTree = "<group>"; };
		6544C44221C58ED200ED0436 /* XYJudge.m */ = {isa = PBXFileReference; fileEncoding = 4; lastKnownFileType = sourcecode.c.objc; path = XYJudge.m; sourceTree = "<group>"; };
		6544C44521C58F7500ED0436 /* XYBannerView.h */ = {isa = PBXFileReference; lastKnownFileType = sourcecode.c.h; path = XYBannerView.h; sourceTree = "<group>"; };
		6544C44621C58F7500ED0436 /* XYBannerView.m */ = {isa = PBXFileReference; lastKnownFileType = sourcecode.c.objc; path = XYBannerView.m; sourceTree = "<group>"; };
		6544C44B21C59F2200ED0436 /* XYPhotoPickerAsset.h */ = {isa = PBXFileReference; lastKnownFileType = sourcecode.c.h; path = XYPhotoPickerAsset.h; sourceTree = "<group>"; };
		6544C44C21C59F2200ED0436 /* XYPhotoPickerAsset.m */ = {isa = PBXFileReference; lastKnownFileType = sourcecode.c.objc; path = XYPhotoPickerAsset.m; sourceTree = "<group>"; };
		655F62762174824400A51D91 /* lock@2x.png */ = {isa = PBXFileReference; lastKnownFileType = image.png; path = "lock@2x.png"; sourceTree = "<group>"; };
		655F62772174824400A51D91 /* broswerPic4.jpg */ = {isa = PBXFileReference; lastKnownFileType = image.jpeg; path = broswerPic4.jpg; sourceTree = "<group>"; };
		655F62782174824400A51D91 /* broswerPic3.jpg */ = {isa = PBXFileReference; lastKnownFileType = image.jpeg; path = broswerPic3.jpg; sourceTree = "<group>"; };
		655F62792174824400A51D91 /* broswerPic2.jpg */ = {isa = PBXFileReference; lastKnownFileType = image.jpeg; path = broswerPic2.jpg; sourceTree = "<group>"; };
		655F627A2174824400A51D91 /* broswerPic0.jpg */ = {isa = PBXFileReference; lastKnownFileType = image.jpeg; path = broswerPic0.jpg; sourceTree = "<group>"; };
		655F627B2174824400A51D91 /* broswerPic1.jpg */ = {isa = PBXFileReference; lastKnownFileType = image.jpeg; path = broswerPic1.jpg; sourceTree = "<group>"; };
		655F627C2174824400A51D91 /* checkbox_pic@3x.png */ = {isa = PBXFileReference; lastKnownFileType = image.png; path = "checkbox_pic@3x.png"; sourceTree = "<group>"; };
		655F627D2174824400A51D91 /* checkbox_pic@2x.png */ = {isa = PBXFileReference; lastKnownFileType = image.png; path = "checkbox_pic@2x.png"; sourceTree = "<group>"; };
		655F627E2174824400A51D91 /* checkbox_pic_non@3x.png */ = {isa = PBXFileReference; lastKnownFileType = image.png; path = "checkbox_pic_non@3x.png"; sourceTree = "<group>"; };
		655F627F2174824400A51D91 /* icon_pic_break@2x.png */ = {isa = PBXFileReference; lastKnownFileType = image.png; path = "icon_pic_break@2x.png"; sourceTree = "<group>"; };
		655F62802174824400A51D91 /* checkbox_pic_non@2x.png */ = {isa = PBXFileReference; lastKnownFileType = image.png; path = "checkbox_pic_non@2x.png"; sourceTree = "<group>"; };
		655F628C217489DC00A51D91 /* broswerPic5.jpg */ = {isa = PBXFileReference; lastKnownFileType = image.jpeg; path = broswerPic5.jpg; sourceTree = "<group>"; };
		655FA5C121653CCC009625B0 /* UIButton+Helper.h */ = {isa = PBXFileReference; lastKnownFileType = sourcecode.c.h; path = "UIButton+Helper.h"; sourceTree = "<group>"; };
		655FA5C221653CCC009625B0 /* UIButton+Helper.m */ = {isa = PBXFileReference; lastKnownFileType = sourcecode.c.objc; path = "UIButton+Helper.m"; sourceTree = "<group>"; };
		655FA5C5216544FA009625B0 /* UILabel+Helper.h */ = {isa = PBXFileReference; lastKnownFileType = sourcecode.c.h; path = "UILabel+Helper.h"; sourceTree = "<group>"; };
		655FA5C6216544FA009625B0 /* UILabel+Helper.m */ = {isa = PBXFileReference; lastKnownFileType = sourcecode.c.objc; path = "UILabel+Helper.m"; sourceTree = "<group>"; };
		655FA602216B3BD4009625B0 /* UIAlertViewToolModel.h */ = {isa = PBXFileReference; lastKnownFileType = sourcecode.c.h; path = UIAlertViewToolModel.h; sourceTree = "<group>"; };
		655FA603216B3BD4009625B0 /* UIAlertViewToolModel.m */ = {isa = PBXFileReference; lastKnownFileType = sourcecode.c.objc; path = UIAlertViewToolModel.m; sourceTree = "<group>"; };
		655FA605216B4CEB009625B0 /* UIAlertViewTool.h */ = {isa = PBXFileReference; lastKnownFileType = sourcecode.c.h; path = UIAlertViewTool.h; sourceTree = "<group>"; };
		655FA606216B4CEB009625B0 /* UIAlertViewTool.m */ = {isa = PBXFileReference; lastKnownFileType = sourcecode.c.objc; path = UIAlertViewTool.m; sourceTree = "<group>"; };
		656FB39F2091700600C07A3F /* XYBKDemo.app */ = {isa = PBXFileReference; explicitFileType = wrapper.application; includeInIndex = 0; path = XYBKDemo.app; sourceTree = BUILT_PRODUCTS_DIR; };
		656FB3A22091700600C07A3F /* AppDelegate.h */ = {isa = PBXFileReference; lastKnownFileType = sourcecode.c.h; path = AppDelegate.h; sourceTree = "<group>"; };
		656FB3A32091700600C07A3F /* AppDelegate.m */ = {isa = PBXFileReference; lastKnownFileType = sourcecode.c.objc; path = AppDelegate.m; sourceTree = "<group>"; };
		656FB3A52091700600C07A3F /* ViewController.h */ = {isa = PBXFileReference; lastKnownFileType = sourcecode.c.h; path = ViewController.h; sourceTree = "<group>"; };
		656FB3A62091700600C07A3F /* ViewController.m */ = {isa = PBXFileReference; lastKnownFileType = sourcecode.c.objc; path = ViewController.m; sourceTree = "<group>"; };
		656FB3A92091700600C07A3F /* Base */ = {isa = PBXFileReference; lastKnownFileType = file.storyboard; name = Base; path = Base.lproj/Main.storyboard; sourceTree = "<group>"; };
		656FB3AB2091700700C07A3F /* Assets.xcassets */ = {isa = PBXFileReference; lastKnownFileType = folder.assetcatalog; path = Assets.xcassets; sourceTree = "<group>"; };
		656FB3AE2091700700C07A3F /* Base */ = {isa = PBXFileReference; lastKnownFileType = file.storyboard; name = Base; path = Base.lproj/LaunchScreen.storyboard; sourceTree = "<group>"; };
		656FB3B02091700700C07A3F /* Info.plist */ = {isa = PBXFileReference; lastKnownFileType = text.plist.xml; path = Info.plist; sourceTree = "<group>"; };
		656FB3B12091700700C07A3F /* main.m */ = {isa = PBXFileReference; lastKnownFileType = sourcecode.c.objc; path = main.m; sourceTree = "<group>"; };
		656FB3B92091712200C07A3F /* DimensMacros.h */ = {isa = PBXFileReference; lastKnownFileType = sourcecode.c.h; path = DimensMacros.h; sourceTree = "<group>"; };
		656FB3BA2091769900C07A3F /* PrefixHeader.pch */ = {isa = PBXFileReference; lastKnownFileType = sourcecode.c.h; path = PrefixHeader.pch; sourceTree = "<group>"; };
		656FB3BB20917C0800C07A3F /* UtilsMacros.h */ = {isa = PBXFileReference; lastKnownFileType = sourcecode.c.h; path = UtilsMacros.h; sourceTree = "<group>"; };
		656FB3BE20919FF500C07A3F /* NSString+Helper.h */ = {isa = PBXFileReference; lastKnownFileType = sourcecode.c.h; path = "NSString+Helper.h"; sourceTree = "<group>"; };
		656FB3BF20919FF500C07A3F /* NSString+Helper.m */ = {isa = PBXFileReference; lastKnownFileType = sourcecode.c.objc; path = "NSString+Helper.m"; sourceTree = "<group>"; };
		656FB3C22091AB6E00C07A3F /* UIView+Helper.h */ = {isa = PBXFileReference; fileEncoding = 4; lastKnownFileType = sourcecode.c.h; path = "UIView+Helper.h"; sourceTree = "<group>"; };
		656FB3C32091AB6E00C07A3F /* UIView+Helper.m */ = {isa = PBXFileReference; fileEncoding = 4; lastKnownFileType = sourcecode.c.objc; path = "UIView+Helper.m"; sourceTree = "<group>"; };
		656FB3C62091AC3C00C07A3F /* PathMacros.h */ = {isa = PBXFileReference; lastKnownFileType = sourcecode.c.h; path = PathMacros.h; sourceTree = "<group>"; };
		656FB3C72091AEF700C07A3F /* NSDate+Helper.h */ = {isa = PBXFileReference; lastKnownFileType = sourcecode.c.h; path = "NSDate+Helper.h"; sourceTree = "<group>"; };
		656FB3C82091AEF700C07A3F /* NSDate+Helper.m */ = {isa = PBXFileReference; lastKnownFileType = sourcecode.c.objc; path = "NSDate+Helper.m"; sourceTree = "<group>"; };
		65D0CA8B21536FF700A3DB66 /* UIColor+Helper.h */ = {isa = PBXFileReference; fileEncoding = 4; lastKnownFileType = sourcecode.c.h; path = "UIColor+Helper.h"; sourceTree = "<group>"; };
		65D0CA8C21536FF700A3DB66 /* UIColor+Helper.m */ = {isa = PBXFileReference; fileEncoding = 4; lastKnownFileType = sourcecode.c.objc; path = "UIColor+Helper.m"; sourceTree = "<group>"; };
		65F7ECC7218A00C4008ABDDD /* assets_finish@3x.png */ = {isa = PBXFileReference; lastKnownFileType = image.png; path = "assets_finish@3x.png"; sourceTree = "<group>"; };
		65F7ECC8218A00C4008ABDDD /* assets_back@3x.png */ = {isa = PBXFileReference; lastKnownFileType = image.png; path = "assets_back@3x.png"; sourceTree = "<group>"; };
		65F7ECC9218A00C4008ABDDD /* assets_preview@2x.png */ = {isa = PBXFileReference; lastKnownFileType = image.png; path = "assets_preview@2x.png"; sourceTree = "<group>"; };
		65F7ECCA218A00C4008ABDDD /* assets_selected.png */ = {isa = PBXFileReference; lastKnownFileType = image.png; path = assets_selected.png; sourceTree = "<group>"; };
		65F7ECCB218A00C4008ABDDD /* assets_preview@3x.png */ = {isa = PBXFileReference; lastKnownFileType = image.png; path = "assets_preview@3x.png"; sourceTree = "<group>"; };
		65F7ECCC218A00C4008ABDDD /* assets_preview.png */ = {isa = PBXFileReference; lastKnownFileType = image.png; path = assets_preview.png; sourceTree = "<group>"; };
		65F7ECCD218A00C4008ABDDD /* assets_back@2x.png */ = {isa = PBXFileReference; lastKnownFileType = image.png; path = "assets_back@2x.png"; sourceTree = "<group>"; };
		65F7ECCE218A00C4008ABDDD /* assets_finish@2x.png */ = {isa = PBXFileReference; lastKnownFileType = image.png; path = "assets_finish@2x.png"; sourceTree = "<group>"; };
		65F7ECCF218A00C4008ABDDD /* blank.png */ = {isa = PBXFileReference; lastKnownFileType = image.png; path = blank.png; sourceTree = "<group>"; };
		65F7ECD0218A00C4008ABDDD /* assets_selected@3x.png */ = {isa = PBXFileReference; lastKnownFileType = image.png; path = "assets_selected@3x.png"; sourceTree = "<group>"; };
		65F7ECD1218A00C4008ABDDD /* assets_back.png */ = {isa = PBXFileReference; lastKnownFileType = image.png; path = assets_back.png; sourceTree = "<group>"; };
		65F7ECD2218A00C4008ABDDD /* assets_selected@2x.png */ = {isa = PBXFileReference; lastKnownFileType = image.png; path = "assets_selected@2x.png"; sourceTree = "<group>"; };
		65F7ECD3218A00C4008ABDDD /* assets_finish.png */ = {isa = PBXFileReference; lastKnownFileType = image.png; path = assets_finish.png; sourceTree = "<group>"; };
		65F7ECD4218A00C4008ABDDD /* blank@2x.png */ = {isa = PBXFileReference; lastKnownFileType = image.png; path = "blank@2x.png"; sourceTree = "<group>"; };
		65F7ECD5218A00C4008ABDDD /* assets_normal.png */ = {isa = PBXFileReference; lastKnownFileType = image.png; path = assets_normal.png; sourceTree = "<group>"; };
		65F7ECD6218A00C4008ABDDD /* blank@3x.png */ = {isa = PBXFileReference; lastKnownFileType = image.png; path = "blank@3x.png"; sourceTree = "<group>"; };
		65F7ECD7218A00C4008ABDDD /* assets_normal@2x.png */ = {isa = PBXFileReference; lastKnownFileType = image.png; path = "assets_normal@2x.png"; sourceTree = "<group>"; };
		65F7ECD8218A00C4008ABDDD /* assets_normal@3x.png */ = {isa = PBXFileReference; lastKnownFileType = image.png; path = "assets_normal@3x.png"; sourceTree = "<group>"; };
		65F7ECD9218A00C4008ABDDD /* XYPhotoToolMacros.h */ = {isa = PBXFileReference; fileEncoding = 4; lastKnownFileType = sourcecode.c.h; path = XYPhotoToolMacros.h; sourceTree = "<group>"; };
		65F7ECDC218A00C4008ABDDD /* XYPhotoPickerAssetsViewController.h */ = {isa = PBXFileReference; fileEncoding = 4; lastKnownFileType = sourcecode.c.h; path = XYPhotoPickerAssetsViewController.h; sourceTree = "<group>"; };
		65F7ECDE218A00C4008ABDDD /* XYPhotoPickerGroupViewController.h */ = {isa = PBXFileReference; fileEncoding = 4; lastKnownFileType = sourcecode.c.h; path = XYPhotoPickerGroupViewController.h; sourceTree = "<group>"; };
		65F7ECDF218A00C4008ABDDD /* XYPhotoPickerPreviewViewController.m */ = {isa = PBXFileReference; fileEncoding = 4; lastKnownFileType = sourcecode.c.objc; path = XYPhotoPickerPreviewViewController.m; sourceTree = "<group>"; };
		65F7ECE0218A00C4008ABDDD /* XYPhotoPickerAssetsViewController.m */ = {isa = PBXFileReference; fileEncoding = 4; lastKnownFileType = sourcecode.c.objc; path = XYPhotoPickerAssetsViewController.m; sourceTree = "<group>"; };
		65F7ECE2218A00C4008ABDDD /* XYPhotoPickerGroupViewController.m */ = {isa = PBXFileReference; fileEncoding = 4; lastKnownFileType = sourcecode.c.objc; path = XYPhotoPickerGroupViewController.m; sourceTree = "<group>"; };
		65F7ECE3218A00C4008ABDDD /* XYPhotoPickerPreviewViewController.h */ = {isa = PBXFileReference; fileEncoding = 4; lastKnownFileType = sourcecode.c.h; path = XYPhotoPickerPreviewViewController.h; sourceTree = "<group>"; };
		65F7ECE5218A00C4008ABDDD /* XYPhotoPickerGroup.m */ = {isa = PBXFileReference; fileEncoding = 4; lastKnownFileType = sourcecode.c.objc; path = XYPhotoPickerGroup.m; sourceTree = "<group>"; };
		65F7ECE7218A00C4008ABDDD /* XYPhotoPickerGroup.h */ = {isa = PBXFileReference; fileEncoding = 4; lastKnownFileType = sourcecode.c.h; path = XYPhotoPickerGroup.h; sourceTree = "<group>"; };
		65F7ECEA218A00C4008ABDDD /* XYPhotoPickerGroupTableViewCell.h */ = {isa = PBXFileReference; fileEncoding = 4; lastKnownFileType = sourcecode.c.h; path = XYPhotoPickerGroupTableViewCell.h; sourceTree = "<group>"; };
		65F7ECEB218A00C4008ABDDD /* XYPhotoPickerAssetsCollectionViewCell.m */ = {isa = PBXFileReference; fileEncoding = 4; lastKnownFileType = sourcecode.c.objc; path = XYPhotoPickerAssetsCollectionViewCell.m; sourceTree = "<group>"; };
		65F7ECEC218A00C4008ABDDD /* XYPhotoPickerGroupTableViewCell.m */ = {isa = PBXFileReference; fileEncoding = 4; lastKnownFileType = sourcecode.c.objc; path = XYPhotoPickerGroupTableViewCell.m; sourceTree = "<group>"; };
		65F7ECED218A00C4008ABDDD /* XYPhotoPickerAssetsCollectionViewCell.h */ = {isa = PBXFileReference; fileEncoding = 4; lastKnownFileType = sourcecode.c.h; path = XYPhotoPickerAssetsCollectionViewCell.h; sourceTree = "<group>"; };
		65F7ECF3218A00C4008ABDDD /* XYPhotoBrowserViewController.m */ = {isa = PBXFileReference; fileEncoding = 4; lastKnownFileType = sourcecode.c.objc; path = XYPhotoBrowserViewController.m; sourceTree = "<group>"; };
		65F7ECF4218A00C5008ABDDD /* XYPhotoBrowserViewController.h */ = {isa = PBXFileReference; fileEncoding = 4; lastKnownFileType = sourcecode.c.h; path = XYPhotoBrowserViewController.h; sourceTree = "<group>"; };
		65F7ECF6218A00C5008ABDDD /* XYPhotoBrowserScrollView.m */ = {isa = PBXFileReference; fileEncoding = 4; lastKnownFileType = sourcecode.c.objc; path = XYPhotoBrowserScrollView.m; sourceTree = "<group>"; };
		65F7ECF7218A00C5008ABDDD /* XYPhotoBrowserView.m */ = {isa = PBXFileReference; fileEncoding = 4; lastKnownFileType = sourcecode.c.objc; path = XYPhotoBrowserView.m; sourceTree = "<group>"; };
		65F7ECF8218A00C5008ABDDD /* XYPhotoBrowserImageView.h */ = {isa = PBXFileReference; fileEncoding = 4; lastKnownFileType = sourcecode.c.h; path = XYPhotoBrowserImageView.h; sourceTree = "<group>"; };
		65F7ECF9218A00C5008ABDDD /* XYPhotoBrowserCollectionViewCell.m */ = {isa = PBXFileReference; fileEncoding = 4; lastKnownFileType = sourcecode.c.objc; path = XYPhotoBrowserCollectionViewCell.m; sourceTree = "<group>"; };
		65F7ECFA218A00C5008ABDDD /* XYPhotoBrowserImageView.m */ = {isa = PBXFileReference; fileEncoding = 4; lastKnownFileType = sourcecode.c.objc; path = XYPhotoBrowserImageView.m; sourceTree = "<group>"; };
		65F7ECFB218A00C5008ABDDD /* XYPhotoBrowserView.h */ = {isa = PBXFileReference; fileEncoding = 4; lastKnownFileType = sourcecode.c.h; path = XYPhotoBrowserView.h; sourceTree = "<group>"; };
		65F7ECFC218A00C5008ABDDD /* XYPhotoBrowserScrollView.h */ = {isa = PBXFileReference; fileEncoding = 4; lastKnownFileType = sourcecode.c.h; path = XYPhotoBrowserScrollView.h; sourceTree = "<group>"; };
		65F7ECFD218A00C5008ABDDD /* XYPhotoBrowserCollectionViewCell.h */ = {isa = PBXFileReference; fileEncoding = 4; lastKnownFileType = sourcecode.c.h; path = XYPhotoBrowserCollectionViewCell.h; sourceTree = "<group>"; };
		65F7ED1E218A0169008ABDDD /* XYPhotoPickerDatas.h */ = {isa = PBXFileReference; fileEncoding = 4; lastKnownFileType = sourcecode.c.h; path = XYPhotoPickerDatas.h; sourceTree = "<group>"; };
		65F7ED1F218A0169008ABDDD /* XYPhotoPickerDatas.m */ = {isa = PBXFileReference; fileEncoding = 4; lastKnownFileType = sourcecode.c.objc; path = XYPhotoPickerDatas.m; sourceTree = "<group>"; };
		65F7ED21218A090B008ABDDD /* XYPhotoPickerViewController.m */ = {isa = PBXFileReference; fileEncoding = 4; lastKnownFileType = sourcecode.c.objc; path = XYPhotoPickerViewController.m; sourceTree = "<group>"; };
		65F7ED22218A090B008ABDDD /* XYPhotoPickerViewController.h */ = {isa = PBXFileReference; fileEncoding = 4; lastKnownFileType = sourcecode.c.h; path = XYPhotoPickerViewController.h; sourceTree = "<group>"; };
		65F7ED24218A0953008ABDDD /* RootViewController.h */ = {isa = PBXFileReference; lastKnownFileType = sourcecode.c.h; path = RootViewController.h; sourceTree = "<group>"; };
		65F7ED25218A0953008ABDDD /* RootViewController.m */ = {isa = PBXFileReference; lastKnownFileType = sourcecode.c.objc; path = RootViewController.m; sourceTree = "<group>"; };
		65F7ED93218A16CF008ABDDD /* XYPhotoTransitionView.h */ = {isa = PBXFileReference; fileEncoding = 4; lastKnownFileType = sourcecode.c.h; path = XYPhotoTransitionView.h; sourceTree = "<group>"; };
		65F7ED94218A16CF008ABDDD /* XYPhotoTransitionView.m */ = {isa = PBXFileReference; fileEncoding = 4; lastKnownFileType = sourcecode.c.objc; path = XYPhotoTransitionView.m; sourceTree = "<group>"; };
		7242FDC246F66F43B8C4EDC5 /* libPods-XYBKDemo.a */ = {isa = PBXFileReference; explicitFileType = archive.ar; includeInIndex = 0; path = "libPods-XYBKDemo.a"; sourceTree = BUILT_PRODUCTS_DIR; };
		811F4BBB79390293E6930252 /* Pods-XYBKDemo.debug.xcconfig */ = {isa = PBXFileReference; includeInIndex = 1; lastKnownFileType = text.xcconfig; name = "Pods-XYBKDemo.debug.xcconfig"; path = "Pods/Target Support Files/Pods-XYBKDemo/Pods-XYBKDemo.debug.xcconfig"; sourceTree = "<group>"; };
		FDCC5EECFEB0CFD00AFBD8EF /* Pods-XYBKDemo.release.xcconfig */ = {isa = PBXFileReference; includeInIndex = 1; lastKnownFileType = text.xcconfig; name = "Pods-XYBKDemo.release.xcconfig"; path = "Pods/Target Support Files/Pods-XYBKDemo/Pods-XYBKDemo.release.xcconfig"; sourceTree = "<group>"; };
/* End PBXFileReference section */

/* Begin PBXFrameworksBuildPhase section */
		656FB39C2091700600C07A3F /* Frameworks */ = {
			isa = PBXFrameworksBuildPhase;
			buildActionMask = 2147483647;
			files = (
				6529D75B209C29CA0019DC03 /* CoreTelephony.framework in Frameworks */,
				A8E8B5FD2E603588CC0F0F97 /* libPods-XYBKDemo.a in Frameworks */,
			);
			runOnlyForDeploymentPostprocessing = 0;
		};
/* End PBXFrameworksBuildPhase section */

/* Begin PBXGroup section */
		63835DC1EF45B133D8B64489 /* Frameworks */ = {
			isa = PBXGroup;
			children = (
				6529D75A209C29CA0019DC03 /* CoreTelephony.framework */,
				7242FDC246F66F43B8C4EDC5 /* libPods-XYBKDemo.a */,
			);
			name = Frameworks;
			sourceTree = "<group>";
		};
		6529D742209961D70019DC03 /* MBProgressHUD+Helper */ = {
			isa = PBXGroup;
			children = (
				6529D743209962A60019DC03 /* MBProgressHUD+Helper.h */,
				6529D744209962A60019DC03 /* MBProgressHUD+Helper.m */,
			);
			path = "MBProgressHUD+Helper";
			sourceTree = "<group>";
		};
		6529D746209963C30019DC03 /* Tools */ = {
			isa = PBXGroup;
			children = (
				6544C44021C58ED200ED0436 /* XYJudgeTool */,
				6544C43D21C58ED100ED0436 /* XYTextFieldTool */,
				655F624A2170731400A51D91 /* XYBannerViewTool */,
				655F62752174824400A51D91 /* Resource */,
				65F7ECC5218A00C4008ABDDD /* XYPhotoTool */,
				6529D74B209996F60019DC03 /* UIAlertViewTool */,
			);
			path = Tools;
			sourceTree = "<group>";
		};
		6529D74B209996F60019DC03 /* UIAlertViewTool */ = {
			isa = PBXGroup;
			children = (
				655FA605216B4CEB009625B0 /* UIAlertViewTool.h */,
				655FA606216B4CEB009625B0 /* UIAlertViewTool.m */,
				655FA602216B3BD4009625B0 /* UIAlertViewToolModel.h */,
				655FA603216B3BD4009625B0 /* UIAlertViewToolModel.m */,
			);
			path = UIAlertViewTool;
			sourceTree = "<group>";
		};
		6544C40521C574F800ED0436 /* Network */ = {
			isa = PBXGroup;
			children = (
				6544C41321C5793A00ED0436 /* Encryption */,
				6544C40F21C5779F00ED0436 /* Reachability */,
				6544C40621C5752600ED0436 /* XYNetworking.h */,
				6544C40721C5752600ED0436 /* XYNetworking.m */,
				6544C40921C5753700ED0436 /* XYHttpRequest.h */,
				6544C40A21C5753700ED0436 /* XYHttpRequest.m */,
				6544C40C21C5764300ED0436 /* XYNetworkingHandle.h */,
				6544C40D21C5764300ED0436 /* XYNetworkingHandle.m */,
			);
			path = Network;
			sourceTree = "<group>";
		};
		6544C40F21C5779F00ED0436 /* Reachability */ = {
			isa = PBXGroup;
			children = (
				6544C41121C5779F00ED0436 /* Reachability.h */,
				6544C41021C5779F00ED0436 /* Reachability.m */,
			);
			path = Reachability;
			sourceTree = "<group>";
		};
		6544C41321C5793A00ED0436 /* Encryption */ = {
			isa = PBXGroup;
			children = (
				6544C41621C5798200ED0436 /* GTMBase64 */,
				6544C41521C5797A00ED0436 /* DES */,
				6544C41421C5797A00ED0436 /* MD5 */,
			);
			path = Encryption;
			sourceTree = "<group>";
		};
		6544C41421C5797A00ED0436 /* MD5 */ = {
			isa = PBXGroup;
			children = (
				6544C41E21C57A3A00ED0436 /* NSString+MD5.h */,
				6544C41F21C57A3A00ED0436 /* NSString+MD5.m */,
			);
			path = MD5;
			sourceTree = "<group>";
		};
		6544C41521C5797A00ED0436 /* DES */ = {
			isa = PBXGroup;
			children = (
				6544C41B21C579AF00ED0436 /* DesEncryption.h */,
				6544C41C21C579AF00ED0436 /* DesEncryption.m */,
			);
			path = DES;
			sourceTree = "<group>";
		};
		6544C41621C5798200ED0436 /* GTMBase64 */ = {
			isa = PBXGroup;
			children = (
				6544C41821C5798200ED0436 /* GTMDefines.h */,
				6544C41721C5798200ED0436 /* GTMBase64.h */,
				6544C41921C5798200ED0436 /* GTMBase64.m */,
			);
			path = GTMBase64;
			sourceTree = "<group>";
		};
		6544C42121C57A7700ED0436 /* UIImage+Helper */ = {
			isa = PBXGroup;
			children = (
				6544C42321C57A7700ED0436 /* UIImage+Helper.h */,
				6544C42221C57A7700ED0436 /* UIImage+Helper.m */,
			);
			path = "UIImage+Helper";
			sourceTree = "<group>";
		};
		6544C42521C57BA200ED0436 /* NSDictionary+Helper */ = {
			isa = PBXGroup;
			children = (
				6544C42721C57BA200ED0436 /* NSDictionary+DeUTF.h */,
				6544C42621C57BA200ED0436 /* NSDictionary+DeUTF.m */,
			);
			path = "NSDictionary+Helper";
			sourceTree = "<group>";
		};
		6544C42921C57BC200ED0436 /* UIDevice+Helper */ = {
			isa = PBXGroup;
			children = (
				6544C42A21C57BC200ED0436 /* UIDevice+Helper.h */,
				6544C42B21C57BC200ED0436 /* UIDevice+Helper.m */,
			);
			path = "UIDevice+Helper";
			sourceTree = "<group>";
		};
		6544C42D21C57CF400ED0436 /* UIScrollView+Helper */ = {
			isa = PBXGroup;
			children = (
				6544C42F21C57CF400ED0436 /* UIScrollView+Helper.h */,
				6544C42E21C57CF400ED0436 /* UIScrollView+Helper.m */,
			);
			path = "UIScrollView+Helper";
			sourceTree = "<group>";
		};
		6544C43D21C58ED100ED0436 /* XYTextFieldTool */ = {
			isa = PBXGroup;
			children = (
				6544C43E21C58ED100ED0436 /* XYTextField.h */,
				6544C43F21C58ED100ED0436 /* XYTextField.m */,
			);
			path = XYTextFieldTool;
			sourceTree = "<group>";
		};
		6544C44021C58ED200ED0436 /* XYJudgeTool */ = {
			isa = PBXGroup;
			children = (
				6544C44121C58ED200ED0436 /* XYJudge.h */,
				6544C44221C58ED200ED0436 /* XYJudge.m */,
			);
			path = XYJudgeTool;
			sourceTree = "<group>";
		};
		655F624A2170731400A51D91 /* XYBannerViewTool */ = {
			isa = PBXGroup;
			children = (
				6544C44521C58F7500ED0436 /* XYBannerView.h */,
				6544C44621C58F7500ED0436 /* XYBannerView.m */,
			);
			path = XYBannerViewTool;
			sourceTree = "<group>";
		};
		655F62752174824400A51D91 /* Resource */ = {
			isa = PBXGroup;
			children = (
				655F62762174824400A51D91 /* lock@2x.png */,
				655F628C217489DC00A51D91 /* broswerPic5.jpg */,
				655F62772174824400A51D91 /* broswerPic4.jpg */,
				655F62782174824400A51D91 /* broswerPic3.jpg */,
				655F62792174824400A51D91 /* broswerPic2.jpg */,
				655F627A2174824400A51D91 /* broswerPic0.jpg */,
				655F627B2174824400A51D91 /* broswerPic1.jpg */,
				655F627C2174824400A51D91 /* checkbox_pic@3x.png */,
				655F627D2174824400A51D91 /* checkbox_pic@2x.png */,
				655F627E2174824400A51D91 /* checkbox_pic_non@3x.png */,
				655F627F2174824400A51D91 /* icon_pic_break@2x.png */,
				655F62802174824400A51D91 /* checkbox_pic_non@2x.png */,
			);
			path = Resource;
			sourceTree = "<group>";
		};
		655FA5C021653CBC009625B0 /* UIButton+Helper */ = {
			isa = PBXGroup;
			children = (
				655FA5C121653CCC009625B0 /* UIButton+Helper.h */,
				655FA5C221653CCC009625B0 /* UIButton+Helper.m */,
			);
			path = "UIButton+Helper";
			sourceTree = "<group>";
		};
		655FA5C4216544EF009625B0 /* UILabel+Helper */ = {
			isa = PBXGroup;
			children = (
				655FA5C5216544FA009625B0 /* UILabel+Helper.h */,
				655FA5C6216544FA009625B0 /* UILabel+Helper.m */,
			);
			path = "UILabel+Helper";
			sourceTree = "<group>";
		};
		656FB3962091700600C07A3F = {
			isa = PBXGroup;
			children = (
				656FB3A12091700600C07A3F /* XYBKDemo */,
				656FB3A02091700600C07A3F /* Products */,
				737936D24E51C6240334FC3C /* Pods */,
				63835DC1EF45B133D8B64489 /* Frameworks */,
			);
			sourceTree = "<group>";
		};
		656FB3A02091700600C07A3F /* Products */ = {
			isa = PBXGroup;
			children = (
				656FB39F2091700600C07A3F /* XYBKDemo.app */,
			);
			name = Products;
			sourceTree = "<group>";
		};
		656FB3A12091700600C07A3F /* XYBKDemo */ = {
			isa = PBXGroup;
			children = (
				656FB3B82091711600C07A3F /* Macros */,
				6544C40521C574F800ED0436 /* Network */,
				656FB3BC20919FC200C07A3F /* Category */,
				6529D746209963C30019DC03 /* Tools */,
				656FB3A22091700600C07A3F /* AppDelegate.h */,
				656FB3A32091700600C07A3F /* AppDelegate.m */,
				656FB3A52091700600C07A3F /* ViewController.h */,
				656FB3A62091700600C07A3F /* ViewController.m */,
				656FB3A82091700600C07A3F /* Main.storyboard */,
				656FB3AB2091700700C07A3F /* Assets.xcassets */,
				656FB3AD2091700700C07A3F /* LaunchScreen.storyboard */,
				656FB3B02091700700C07A3F /* Info.plist */,
				656FB3B12091700700C07A3F /* main.m */,
			);
			path = XYBKDemo;
			sourceTree = "<group>";
		};
		656FB3B82091711600C07A3F /* Macros */ = {
			isa = PBXGroup;
			children = (
				656FB3BA2091769900C07A3F /* PrefixHeader.pch */,
				656FB3BB20917C0800C07A3F /* UtilsMacros.h */,
				656FB3C62091AC3C00C07A3F /* PathMacros.h */,
				656FB3B92091712200C07A3F /* DimensMacros.h */,
				6544C40321C574C900ED0436 /* RequestMacros.h */,
				6544C40421C574DB00ED0436 /* NotificationMacros.h */,
			);
			path = Macros;
			sourceTree = "<group>";
		};
		656FB3BC20919FC200C07A3F /* Category */ = {
			isa = PBXGroup;
			children = (
				656FB3C12091AB6E00C07A3F /* UIView+Helper */,
				655FA5C4216544EF009625B0 /* UILabel+Helper */,
				655FA5C021653CBC009625B0 /* UIButton+Helper */,
				6544C42121C57A7700ED0436 /* UIImage+Helper */,
				65D0CA8A21536FF700A3DB66 /* UIColor+Helper */,
				6544C42D21C57CF400ED0436 /* UIScrollView+Helper */,
				6544C42521C57BA200ED0436 /* NSDictionary+Helper */,
				656FB3BD20919FE100C07A3F /* NSString+Helper */,
				656FB3C52091ABAC00C07A3F /* NSDate+Helper */,
				6544C42921C57BC200ED0436 /* UIDevice+Helper */,
				6529D742209961D70019DC03 /* MBProgressHUD+Helper */,
			);
			path = Category;
			sourceTree = "<group>";
		};
		656FB3BD20919FE100C07A3F /* NSString+Helper */ = {
			isa = PBXGroup;
			children = (
				656FB3BE20919FF500C07A3F /* NSString+Helper.h */,
				656FB3BF20919FF500C07A3F /* NSString+Helper.m */,
			);
			path = "NSString+Helper";
			sourceTree = "<group>";
		};
		656FB3C12091AB6E00C07A3F /* UIView+Helper */ = {
			isa = PBXGroup;
			children = (
				656FB3C22091AB6E00C07A3F /* UIView+Helper.h */,
				656FB3C32091AB6E00C07A3F /* UIView+Helper.m */,
			);
			path = "UIView+Helper";
			sourceTree = "<group>";
		};
		656FB3C52091ABAC00C07A3F /* NSDate+Helper */ = {
			isa = PBXGroup;
			children = (
				656FB3C72091AEF700C07A3F /* NSDate+Helper.h */,
				656FB3C82091AEF700C07A3F /* NSDate+Helper.m */,
			);
			path = "NSDate+Helper";
			sourceTree = "<group>";
		};
		65D0CA8A21536FF700A3DB66 /* UIColor+Helper */ = {
			isa = PBXGroup;
			children = (
				65D0CA8B21536FF700A3DB66 /* UIColor+Helper.h */,
				65D0CA8C21536FF700A3DB66 /* UIColor+Helper.m */,
			);
			path = "UIColor+Helper";
			sourceTree = "<group>";
		};
		65F7ECC5218A00C4008ABDDD /* XYPhotoTool */ = {
			isa = PBXGroup;
			children = (
				65F7ECD9218A00C4008ABDDD /* XYPhotoToolMacros.h */,
				65F7ECC6218A00C4008ABDDD /* Resources */,
				65F7ECDA218A00C4008ABDDD /* XYPhotoPickerTool */,
				65F7ECF1218A00C4008ABDDD /* XYPhotoBrowserTool */,
				65F7ED8C218A1555008ABDDD /* XYPhotoTransitionView */,
			);
			path = XYPhotoTool;
			sourceTree = "<group>";
		};
		65F7ECC6218A00C4008ABDDD /* Resources */ = {
			isa = PBXGroup;
			children = (
				65F7ECC7218A00C4008ABDDD /* assets_finish@3x.png */,
				65F7ECC8218A00C4008ABDDD /* assets_back@3x.png */,
				65F7ECC9218A00C4008ABDDD /* assets_preview@2x.png */,
				65F7ECCA218A00C4008ABDDD /* assets_selected.png */,
				65F7ECCB218A00C4008ABDDD /* assets_preview@3x.png */,
				65F7ECCC218A00C4008ABDDD /* assets_preview.png */,
				65F7ECCD218A00C4008ABDDD /* assets_back@2x.png */,
				65F7ECCE218A00C4008ABDDD /* assets_finish@2x.png */,
				65F7ECCF218A00C4008ABDDD /* blank.png */,
				65F7ECD0218A00C4008ABDDD /* assets_selected@3x.png */,
				65F7ECD1218A00C4008ABDDD /* assets_back.png */,
				65F7ECD2218A00C4008ABDDD /* assets_selected@2x.png */,
				65F7ECD3218A00C4008ABDDD /* assets_finish.png */,
				65F7ECD4218A00C4008ABDDD /* blank@2x.png */,
				65F7ECD5218A00C4008ABDDD /* assets_normal.png */,
				65F7ECD6218A00C4008ABDDD /* blank@3x.png */,
				65F7ECD7218A00C4008ABDDD /* assets_normal@2x.png */,
				65F7ECD8218A00C4008ABDDD /* assets_normal@3x.png */,
			);
			path = Resources;
			sourceTree = "<group>";
		};
		65F7ECDA218A00C4008ABDDD /* XYPhotoPickerTool */ = {
			isa = PBXGroup;
			children = (
				65F7ECDB218A00C4008ABDDD /* Controller */,
				65F7ECE4218A00C4008ABDDD /* Model */,
				65F7ECE9218A00C4008ABDDD /* View */,
			);
			path = XYPhotoPickerTool;
			sourceTree = "<group>";
		};
		65F7ECDB218A00C4008ABDDD /* Controller */ = {
			isa = PBXGroup;
			children = (
				65F7ED24218A0953008ABDDD /* RootViewController.h */,
				65F7ED25218A0953008ABDDD /* RootViewController.m */,
				65F7ED22218A090B008ABDDD /* XYPhotoPickerViewController.h */,
				65F7ED21218A090B008ABDDD /* XYPhotoPickerViewController.m */,
				65F7ECDE218A00C4008ABDDD /* XYPhotoPickerGroupViewController.h */,
				65F7ECE2218A00C4008ABDDD /* XYPhotoPickerGroupViewController.m */,
				65F7ECDC218A00C4008ABDDD /* XYPhotoPickerAssetsViewController.h */,
				65F7ECE0218A00C4008ABDDD /* XYPhotoPickerAssetsViewController.m */,
				65F7ECE3218A00C4008ABDDD /* XYPhotoPickerPreviewViewController.h */,
				65F7ECDF218A00C4008ABDDD /* XYPhotoPickerPreviewViewController.m */,
			);
			path = Controller;
			sourceTree = "<group>";
		};
		65F7ECE4218A00C4008ABDDD /* Model */ = {
			isa = PBXGroup;
			children = (
				65F7ED1E218A0169008ABDDD /* XYPhotoPickerDatas.h */,
				65F7ED1F218A0169008ABDDD /* XYPhotoPickerDatas.m */,
				65F7ECE7218A00C4008ABDDD /* XYPhotoPickerGroup.h */,
				65F7ECE5218A00C4008ABDDD /* XYPhotoPickerGroup.m */,
				6544C44B21C59F2200ED0436 /* XYPhotoPickerAsset.h */,
				6544C44C21C59F2200ED0436 /* XYPhotoPickerAsset.m */,
			);
			path = Model;
			sourceTree = "<group>";
		};
		65F7ECE9218A00C4008ABDDD /* View */ = {
			isa = PBXGroup;
			children = (
				65F7ECEA218A00C4008ABDDD /* XYPhotoPickerGroupTableViewCell.h */,
				65F7ECEC218A00C4008ABDDD /* XYPhotoPickerGroupTableViewCell.m */,
				65F7ECED218A00C4008ABDDD /* XYPhotoPickerAssetsCollectionViewCell.h */,
				65F7ECEB218A00C4008ABDDD /* XYPhotoPickerAssetsCollectionViewCell.m */,
			);
			path = View;
			sourceTree = "<group>";
		};
		65F7ECF1218A00C4008ABDDD /* XYPhotoBrowserTool */ = {
			isa = PBXGroup;
			children = (
				65F7ECF2218A00C4008ABDDD /* Controllers */,
				65F7ECF5218A00C5008ABDDD /* Views */,
			);
			path = XYPhotoBrowserTool;
			sourceTree = "<group>";
		};
		65F7ECF2218A00C4008ABDDD /* Controllers */ = {
			isa = PBXGroup;
			children = (
				65F7ECF4218A00C5008ABDDD /* XYPhotoBrowserViewController.h */,
				65F7ECF3218A00C4008ABDDD /* XYPhotoBrowserViewController.m */,
			);
			path = Controllers;
			sourceTree = "<group>";
		};
		65F7ECF5218A00C5008ABDDD /* Views */ = {
			isa = PBXGroup;
			children = (
				65F7ECFD218A00C5008ABDDD /* XYPhotoBrowserCollectionViewCell.h */,
				65F7ECF9218A00C5008ABDDD /* XYPhotoBrowserCollectionViewCell.m */,
				65F7ECFC218A00C5008ABDDD /* XYPhotoBrowserScrollView.h */,
				65F7ECF6218A00C5008ABDDD /* XYPhotoBrowserScrollView.m */,
				65F7ECF8218A00C5008ABDDD /* XYPhotoBrowserImageView.h */,
				65F7ECFA218A00C5008ABDDD /* XYPhotoBrowserImageView.m */,
				65F7ECFB218A00C5008ABDDD /* XYPhotoBrowserView.h */,
				65F7ECF7218A00C5008ABDDD /* XYPhotoBrowserView.m */,
			);
			path = Views;
			sourceTree = "<group>";
		};
		65F7ED8C218A1555008ABDDD /* XYPhotoTransitionView */ = {
			isa = PBXGroup;
			children = (
				65F7ED93218A16CF008ABDDD /* XYPhotoTransitionView.h */,
				65F7ED94218A16CF008ABDDD /* XYPhotoTransitionView.m */,
			);
			path = XYPhotoTransitionView;
			sourceTree = "<group>";
		};
		737936D24E51C6240334FC3C /* Pods */ = {
			isa = PBXGroup;
			children = (
				811F4BBB79390293E6930252 /* Pods-XYBKDemo.debug.xcconfig */,
				FDCC5EECFEB0CFD00AFBD8EF /* Pods-XYBKDemo.release.xcconfig */,
			);
			name = Pods;
			sourceTree = "<group>";
		};
/* End PBXGroup section */

/* Begin PBXNativeTarget section */
		656FB39E2091700600C07A3F /* XYBKDemo */ = {
			isa = PBXNativeTarget;
			buildConfigurationList = 656FB3B52091700700C07A3F /* Build configuration list for PBXNativeTarget "XYBKDemo" */;
			buildPhases = (
				63D5E1AC0F05D33BE8DA6205 /* [CP] Check Pods Manifest.lock */,
				656FB39B2091700600C07A3F /* Sources */,
				656FB39C2091700600C07A3F /* Frameworks */,
				656FB39D2091700600C07A3F /* Resources */,
				0114A40485CE58F59F07F3E4 /* [CP] Embed Pods Frameworks */,
				1089B6525CEA0D58B77733B0 /* [CP] Copy Pods Resources */,
			);
			buildRules = (
			);
			dependencies = (
			);
			name = XYBKDemo;
			productName = XYBKDemo;
			productReference = 656FB39F2091700600C07A3F /* XYBKDemo.app */;
			productType = "com.apple.product-type.application";
		};
/* End PBXNativeTarget section */

/* Begin PBXProject section */
		656FB3972091700600C07A3F /* Project object */ = {
			isa = PBXProject;
			attributes = {
				LastUpgradeCheck = 0930;
				ORGANIZATIONNAME = XYBK;
				TargetAttributes = {
					656FB39E2091700600C07A3F = {
						CreatedOnToolsVersion = 9.3;
					};
				};
			};
			buildConfigurationList = 656FB39A2091700600C07A3F /* Build configuration list for PBXProject "XYBKDemo" */;
			compatibilityVersion = "Xcode 9.3";
			developmentRegion = en;
			hasScannedForEncodings = 0;
			knownRegions = (
				en,
				Base,
			);
			mainGroup = 656FB3962091700600C07A3F;
			productRefGroup = 656FB3A02091700600C07A3F /* Products */;
			projectDirPath = "";
			projectRoot = "";
			targets = (
				656FB39E2091700600C07A3F /* XYBKDemo */,
			);
		};
/* End PBXProject section */

/* Begin PBXResourcesBuildPhase section */
		656FB39D2091700600C07A3F /* Resources */ = {
			isa = PBXResourcesBuildPhase;
			buildActionMask = 2147483647;
			files = (
				656FB3AF2091700700C07A3F /* LaunchScreen.storyboard in Resources */,
				65F7ED07218A00C5008ABDDD /* assets_selected@3x.png in Resources */,
				655F62892174824400A51D91 /* checkbox_pic_non@3x.png in Resources */,
				65F7ED00218A00C5008ABDDD /* assets_preview@2x.png in Resources */,
				65F7ED02218A00C5008ABDDD /* assets_preview@3x.png in Resources */,
				655F62812174824400A51D91 /* lock@2x.png in Resources */,
				65F7ED09218A00C5008ABDDD /* assets_selected@2x.png in Resources */,
				65F7ED0A218A00C5008ABDDD /* assets_finish.png in Resources */,
				655F62822174824400A51D91 /* broswerPic4.jpg in Resources */,
				65F7ED04218A00C5008ABDDD /* assets_back@2x.png in Resources */,
				655F62862174824400A51D91 /* broswerPic1.jpg in Resources */,
				65F7ECFE218A00C5008ABDDD /* assets_finish@3x.png in Resources */,
				65F7ED0E218A00C5008ABDDD /* assets_normal@2x.png in Resources */,
				655F628A2174824400A51D91 /* icon_pic_break@2x.png in Resources */,
				655F628D217489DC00A51D91 /* broswerPic5.jpg in Resources */,
				65F7ED03218A00C5008ABDDD /* assets_preview.png in Resources */,
				65F7ED0B218A00C5008ABDDD /* blank@2x.png in Resources */,
				655F62832174824400A51D91 /* broswerPic3.jpg in Resources */,
				655F62882174824400A51D91 /* checkbox_pic@2x.png in Resources */,
				655F628B2174824400A51D91 /* checkbox_pic_non@2x.png in Resources */,
				65F7ECFF218A00C5008ABDDD /* assets_back@3x.png in Resources */,
				65F7ED01218A00C5008ABDDD /* assets_selected.png in Resources */,
				65F7ED05218A00C5008ABDDD /* assets_finish@2x.png in Resources */,
				655F62872174824400A51D91 /* checkbox_pic@3x.png in Resources */,
				65F7ED0F218A00C5008ABDDD /* assets_normal@3x.png in Resources */,
				655F62842174824400A51D91 /* broswerPic2.jpg in Resources */,
				65F7ED06218A00C5008ABDDD /* blank.png in Resources */,
				65F7ED0C218A00C5008ABDDD /* assets_normal.png in Resources */,
				656FB3AC2091700700C07A3F /* Assets.xcassets in Resources */,
				65F7ED0D218A00C5008ABDDD /* blank@3x.png in Resources */,
				655F62852174824400A51D91 /* broswerPic0.jpg in Resources */,
				656FB3AA2091700600C07A3F /* Main.storyboard in Resources */,
				65F7ED08218A00C5008ABDDD /* assets_back.png in Resources */,
			);
			runOnlyForDeploymentPostprocessing = 0;
		};
/* End PBXResourcesBuildPhase section */

/* Begin PBXShellScriptBuildPhase section */
		0114A40485CE58F59F07F3E4 /* [CP] Embed Pods Frameworks */ = {
			isa = PBXShellScriptBuildPhase;
			buildActionMask = 2147483647;
			files = (
			);
			inputPaths = (
			);
			name = "[CP] Embed Pods Frameworks";
			outputPaths = (
			);
			runOnlyForDeploymentPostprocessing = 0;
			shellPath = /bin/sh;
			shellScript = "\"${SRCROOT}/Pods/Target Support Files/Pods-XYBKDemo/Pods-XYBKDemo-frameworks.sh\"\n";
			showEnvVarsInLog = 0;
		};
		1089B6525CEA0D58B77733B0 /* [CP] Copy Pods Resources */ = {
			isa = PBXShellScriptBuildPhase;
			buildActionMask = 2147483647;
			files = (
			);
			inputPaths = (
			);
			name = "[CP] Copy Pods Resources";
			outputPaths = (
			);
			runOnlyForDeploymentPostprocessing = 0;
			shellPath = /bin/sh;
			shellScript = "\"${SRCROOT}/Pods/Target Support Files/Pods-XYBKDemo/Pods-XYBKDemo-resources.sh\"\n";
			showEnvVarsInLog = 0;
		};
		63D5E1AC0F05D33BE8DA6205 /* [CP] Check Pods Manifest.lock */ = {
			isa = PBXShellScriptBuildPhase;
			buildActionMask = 2147483647;
			files = (
			);
			inputPaths = (
			);
			name = "[CP] Check Pods Manifest.lock";
			outputPaths = (
			);
			runOnlyForDeploymentPostprocessing = 0;
			shellPath = /bin/sh;
			shellScript = "diff \"${PODS_PODFILE_DIR_PATH}/Podfile.lock\" \"${PODS_ROOT}/Manifest.lock\" > /dev/null\nif [ $? != 0 ] ; then\n    # print error to STDERR\n    echo \"error: The sandbox is not in sync with the Podfile.lock. Run 'pod install' or update your CocoaPods installation.\" >&2\n    exit 1\nfi\n";
			showEnvVarsInLog = 0;
		};
/* End PBXShellScriptBuildPhase section */

/* Begin PBXSourcesBuildPhase section */
		656FB39B2091700600C07A3F /* Sources */ = {
			isa = PBXSourcesBuildPhase;
			buildActionMask = 2147483647;
			files = (
				655FA604216B3BD4009625B0 /* UIAlertViewToolModel.m in Sources */,
				6544C44721C58F7500ED0436 /* XYBannerView.m in Sources */,
				65F7ED23218A090C008ABDDD /* XYPhotoPickerViewController.m in Sources */,
				6544C43021C57CF400ED0436 /* UIScrollView+Helper.m in Sources */,
				6529D745209962A60019DC03 /* MBProgressHUD+Helper.m in Sources */,
				655FA607216B4CEB009625B0 /* UIAlertViewTool.m in Sources */,
				6544C40B21C5753700ED0436 /* XYHttpRequest.m in Sources */,
				6544C44321C58ED200ED0436 /* XYTextField.m in Sources */,
				65F7ED95218A16CF008ABDDD /* XYPhotoTransitionView.m in Sources */,
				65F7ED14218A00C5008ABDDD /* XYPhotoPickerGroup.m in Sources */,
				65D0CA8D21536FF800A3DB66 /* UIColor+Helper.m in Sources */,
				656FB3C92091AEF700C07A3F /* NSDate+Helper.m in Sources */,
				6544C44421C58ED200ED0436 /* XYJudge.m in Sources */,
				65F7ED1D218A00C5008ABDDD /* XYPhotoBrowserImageView.m in Sources */,
				655FA5C321653CCC009625B0 /* UIButton+Helper.m in Sources */,
				655FA5C7216544FA009625B0 /* UILabel+Helper.m in Sources */,
				6544C42021C57A3A00ED0436 /* NSString+MD5.m in Sources */,
				6544C41D21C579AF00ED0436 /* DesEncryption.m in Sources */,
				65F7ED20218A0169008ABDDD /* XYPhotoPickerDatas.m in Sources */,
				6544C44D21C59F2200ED0436 /* XYPhotoPickerAsset.m in Sources */,
				65F7ED1A218A00C5008ABDDD /* XYPhotoBrowserScrollView.m in Sources */,
				6544C42421C57A7800ED0436 /* UIImage+Helper.m in Sources */,
				65F7ED1C218A00C5008ABDDD /* XYPhotoBrowserCollectionViewCell.m in Sources */,
				6544C41221C5779F00ED0436 /* Reachability.m in Sources */,
				65F7ED26218A0953008ABDDD /* RootViewController.m in Sources */,
				6544C42821C57BA200ED0436 /* NSDictionary+DeUTF.m in Sources */,
				6544C40821C5752600ED0436 /* XYNetworking.m in Sources */,
				656FB3A72091700600C07A3F /* ViewController.m in Sources */,
				65F7ED13218A00C5008ABDDD /* XYPhotoPickerGroupViewController.m in Sources */,
				65F7ED11218A00C5008ABDDD /* XYPhotoPickerAssetsViewController.m in Sources */,
				65F7ED10218A00C5008ABDDD /* XYPhotoPickerPreviewViewController.m in Sources */,
				656FB3B22091700700C07A3F /* main.m in Sources */,
				6544C40E21C5764300ED0436 /* XYNetworkingHandle.m in Sources */,
				65F7ED17218A00C5008ABDDD /* XYPhotoPickerGroupTableViewCell.m in Sources */,
				6544C41A21C5798200ED0436 /* GTMBase64.m in Sources */,
				656FB3A42091700600C07A3F /* AppDelegate.m in Sources */,
				65F7ED16218A00C5008ABDDD /* XYPhotoPickerAssetsCollectionViewCell.m in Sources */,
				656FB3C020919FF500C07A3F /* NSString+Helper.m in Sources */,
				65F7ED19218A00C5008ABDDD /* XYPhotoBrowserViewController.m in Sources */,
				6544C42C21C57BC200ED0436 /* UIDevice+Helper.m in Sources */,
				65F7ED1B218A00C5008ABDDD /* XYPhotoBrowserView.m in Sources */,
				656FB3C42091AB6E00C07A3F /* UIView+Helper.m in Sources */,
			);
			runOnlyForDeploymentPostprocessing = 0;
		};
/* End PBXSourcesBuildPhase section */

/* Begin PBXVariantGroup section */
		656FB3A82091700600C07A3F /* Main.storyboard */ = {
			isa = PBXVariantGroup;
			children = (
				656FB3A92091700600C07A3F /* Base */,
			);
			name = Main.storyboard;
			sourceTree = "<group>";
		};
		656FB3AD2091700700C07A3F /* LaunchScreen.storyboard */ = {
			isa = PBXVariantGroup;
			children = (
				656FB3AE2091700700C07A3F /* Base */,
			);
			name = LaunchScreen.storyboard;
			sourceTree = "<group>";
		};
/* End PBXVariantGroup section */

/* Begin XCBuildConfiguration section */
		656FB3B32091700700C07A3F /* Debug */ = {
			isa = XCBuildConfiguration;
			buildSettings = {
				ALWAYS_SEARCH_USER_PATHS = NO;
				CLANG_ANALYZER_NONNULL = YES;
				CLANG_ANALYZER_NUMBER_OBJECT_CONVERSION = YES_AGGRESSIVE;
				CLANG_CXX_LANGUAGE_STANDARD = "gnu++14";
				CLANG_CXX_LIBRARY = "libc++";
				CLANG_ENABLE_MODULES = YES;
				CLANG_ENABLE_OBJC_ARC = YES;
				CLANG_ENABLE_OBJC_WEAK = YES;
				CLANG_WARN_BLOCK_CAPTURE_AUTORELEASING = YES;
				CLANG_WARN_BOOL_CONVERSION = YES;
				CLANG_WARN_COMMA = YES;
				CLANG_WARN_CONSTANT_CONVERSION = YES;
				CLANG_WARN_DEPRECATED_OBJC_IMPLEMENTATIONS = YES;
				CLANG_WARN_DIRECT_OBJC_ISA_USAGE = YES_ERROR;
				CLANG_WARN_DOCUMENTATION_COMMENTS = YES;
				CLANG_WARN_EMPTY_BODY = YES;
				CLANG_WARN_ENUM_CONVERSION = YES;
				CLANG_WARN_INFINITE_RECURSION = YES;
				CLANG_WARN_INT_CONVERSION = YES;
				CLANG_WARN_NON_LITERAL_NULL_CONVERSION = YES;
				CLANG_WARN_OBJC_IMPLICIT_RETAIN_SELF = YES;
				CLANG_WARN_OBJC_LITERAL_CONVERSION = YES;
				CLANG_WARN_OBJC_ROOT_CLASS = YES_ERROR;
				CLANG_WARN_RANGE_LOOP_ANALYSIS = YES;
				CLANG_WARN_STRICT_PROTOTYPES = YES;
				CLANG_WARN_SUSPICIOUS_MOVE = YES;
				CLANG_WARN_UNGUARDED_AVAILABILITY = YES_AGGRESSIVE;
				CLANG_WARN_UNREACHABLE_CODE = YES;
				CLANG_WARN__DUPLICATE_METHOD_MATCH = YES;
				CODE_SIGN_IDENTITY = "iPhone Developer";
				COPY_PHASE_STRIP = NO;
				DEBUG_INFORMATION_FORMAT = dwarf;
				ENABLE_STRICT_OBJC_MSGSEND = YES;
				ENABLE_TESTABILITY = YES;
				GCC_C_LANGUAGE_STANDARD = gnu11;
				GCC_DYNAMIC_NO_PIC = NO;
				GCC_NO_COMMON_BLOCKS = YES;
				GCC_OPTIMIZATION_LEVEL = 0;
				GCC_PREPROCESSOR_DEFINITIONS = (
					"DEBUG=1",
					"$(inherited)",
				);
				GCC_WARN_64_TO_32_BIT_CONVERSION = YES;
				GCC_WARN_ABOUT_RETURN_TYPE = YES_ERROR;
				GCC_WARN_UNDECLARED_SELECTOR = YES;
				GCC_WARN_UNINITIALIZED_AUTOS = YES_AGGRESSIVE;
				GCC_WARN_UNUSED_FUNCTION = YES;
				GCC_WARN_UNUSED_VARIABLE = YES;
				IPHONEOS_DEPLOYMENT_TARGET = 11.3;
				MTL_ENABLE_DEBUG_INFO = YES;
				ONLY_ACTIVE_ARCH = YES;
				SDKROOT = iphoneos;
			};
			name = Debug;
		};
		656FB3B42091700700C07A3F /* Release */ = {
			isa = XCBuildConfiguration;
			buildSettings = {
				ALWAYS_SEARCH_USER_PATHS = NO;
				CLANG_ANALYZER_NONNULL = YES;
				CLANG_ANALYZER_NUMBER_OBJECT_CONVERSION = YES_AGGRESSIVE;
				CLANG_CXX_LANGUAGE_STANDARD = "gnu++14";
				CLANG_CXX_LIBRARY = "libc++";
				CLANG_ENABLE_MODULES = YES;
				CLANG_ENABLE_OBJC_ARC = YES;
				CLANG_ENABLE_OBJC_WEAK = YES;
				CLANG_WARN_BLOCK_CAPTURE_AUTORELEASING = YES;
				CLANG_WARN_BOOL_CONVERSION = YES;
				CLANG_WARN_COMMA = YES;
				CLANG_WARN_CONSTANT_CONVERSION = YES;
				CLANG_WARN_DEPRECATED_OBJC_IMPLEMENTATIONS = YES;
				CLANG_WARN_DIRECT_OBJC_ISA_USAGE = YES_ERROR;
				CLANG_WARN_DOCUMENTATION_COMMENTS = YES;
				CLANG_WARN_EMPTY_BODY = YES;
				CLANG_WARN_ENUM_CONVERSION = YES;
				CLANG_WARN_INFINITE_RECURSION = YES;
				CLANG_WARN_INT_CONVERSION = YES;
				CLANG_WARN_NON_LITERAL_NULL_CONVERSION = YES;
				CLANG_WARN_OBJC_IMPLICIT_RETAIN_SELF = YES;
				CLANG_WARN_OBJC_LITERAL_CONVERSION = YES;
				CLANG_WARN_OBJC_ROOT_CLASS = YES_ERROR;
				CLANG_WARN_RANGE_LOOP_ANALYSIS = YES;
				CLANG_WARN_STRICT_PROTOTYPES = YES;
				CLANG_WARN_SUSPICIOUS_MOVE = YES;
				CLANG_WARN_UNGUARDED_AVAILABILITY = YES_AGGRESSIVE;
				CLANG_WARN_UNREACHABLE_CODE = YES;
				CLANG_WARN__DUPLICATE_METHOD_MATCH = YES;
				CODE_SIGN_IDENTITY = "iPhone Developer";
				COPY_PHASE_STRIP = NO;
				DEBUG_INFORMATION_FORMAT = "dwarf-with-dsym";
				ENABLE_NS_ASSERTIONS = NO;
				ENABLE_STRICT_OBJC_MSGSEND = YES;
				GCC_C_LANGUAGE_STANDARD = gnu11;
				GCC_NO_COMMON_BLOCKS = YES;
				GCC_WARN_64_TO_32_BIT_CONVERSION = YES;
				GCC_WARN_ABOUT_RETURN_TYPE = YES_ERROR;
				GCC_WARN_UNDECLARED_SELECTOR = YES;
				GCC_WARN_UNINITIALIZED_AUTOS = YES_AGGRESSIVE;
				GCC_WARN_UNUSED_FUNCTION = YES;
				GCC_WARN_UNUSED_VARIABLE = YES;
				IPHONEOS_DEPLOYMENT_TARGET = 11.3;
				MTL_ENABLE_DEBUG_INFO = NO;
				SDKROOT = iphoneos;
				VALIDATE_PRODUCT = YES;
			};
			name = Release;
		};
		656FB3B62091700700C07A3F /* Debug */ = {
			isa = XCBuildConfiguration;
			baseConfigurationReference = 811F4BBB79390293E6930252 /* Pods-XYBKDemo.debug.xcconfig */;
			buildSettings = {
				ASSETCATALOG_COMPILER_APPICON_NAME = AppIcon;
				CODE_SIGN_STYLE = Automatic;
				DEVELOPMENT_TEAM = S6WDL2GZYL;
				GCC_PREFIX_HEADER = "$(SRCROOT)/XYBKDemo/Macros/PrefixHeader.pch";
				INFOPLIST_FILE = XYBKDemo/Info.plist;
				IPHONEOS_DEPLOYMENT_TARGET = 9.3;
				LD_RUNPATH_SEARCH_PATHS = (
					"$(inherited)",
					"@executable_path/Frameworks",
				);
				PRODUCT_BUNDLE_IDENTIFIER = com.nongfaziran.nongfaziran;
				PRODUCT_NAME = "$(TARGET_NAME)";
				TARGETED_DEVICE_FAMILY = 1;
			};
			name = Debug;
		};
		656FB3B72091700700C07A3F /* Release */ = {
			isa = XCBuildConfiguration;
			baseConfigurationReference = FDCC5EECFEB0CFD00AFBD8EF /* Pods-XYBKDemo.release.xcconfig */;
			buildSettings = {
				ASSETCATALOG_COMPILER_APPICON_NAME = AppIcon;
				CODE_SIGN_STYLE = Automatic;
				DEVELOPMENT_TEAM = S6WDL2GZYL;
				GCC_PREFIX_HEADER = "$(SRCROOT)/XYBKDemo/Macros/PrefixHeader.pch";
				INFOPLIST_FILE = XYBKDemo/Info.plist;
				IPHONEOS_DEPLOYMENT_TARGET = 9.3;
				LD_RUNPATH_SEARCH_PATHS = (
					"$(inherited)",
					"@executable_path/Frameworks",
				);
				PRODUCT_BUNDLE_IDENTIFIER = com.nongfaziran.nongfaziran;
				PRODUCT_NAME = "$(TARGET_NAME)";
				TARGETED_DEVICE_FAMILY = 1;
			};
			name = Release;
		};
/* End XCBuildConfiguration section */

/* Begin XCConfigurationList section */
		656FB39A2091700600C07A3F /* Build configuration list for PBXProject "XYBKDemo" */ = {
			isa = XCConfigurationList;
			buildConfigurations = (
				656FB3B32091700700C07A3F /* Debug */,
				656FB3B42091700700C07A3F /* Release */,
			);
			defaultConfigurationIsVisible = 0;
			defaultConfigurationName = Release;
		};
		656FB3B52091700700C07A3F /* Build configuration list for PBXNativeTarget "XYBKDemo" */ = {
			isa = XCConfigurationList;
			buildConfigurations = (
				656FB3B62091700700C07A3F /* Debug */,
				656FB3B72091700700C07A3F /* Release */,
			);
			defaultConfigurationIsVisible = 0;
			defaultConfigurationName = Release;
		};
/* End XCConfigurationList section */
	};
	rootObject = 656FB3972091700600C07A3F /* Project object */;
}
